
Microsoft Visual Studio Solution File, Format Version 12.00
# Visual Studio Version 16
VisualStudioVersion = 16.0.30517.126
MinimumVisualStudioVersion = 10.0.40219.1
Project("{FAE04EC0-301F-11D3-BF4B-00C04F79EFBC}") = "AUTOAIBE2", "AUTOAIBE2\AUTOAIBE2.csproj", "{5CC17A16-BFEE-4595-98B3-2BED51C82C25}"
EndProject
Global
	GlobalSection(SolutionConfigurationPlatforms) = preSolution
		Debug|Any CPU = Debug|Any CPU
		Release|Any CPU = Release|Any CPU
	EndGlobalSection
	GlobalSection(ProjectConfigurationPlatforms) = postSolution
		{5CC17A16-BFEE-4595-98B3-2BED51C82C25}.Debug|Any CPU.ActiveCfg = Debug|Any CPU
		{5CC17A16-BFEE-4595-98B3-2BED51C82C25}.Debug|Any CPU.Build.0 = Debug|Any CPU
		{5CC17A16-BFEE-4595-98B3-2BED51C82C25}.Release|Any CPU.ActiveCfg = Release|Any CPU
		{5CC17A16-BFEE-4595-98B3-2BED51C82C25}.Release|Any CPU.Build.0 = Release|Any CPU
	EndGlobalSection
	GlobalSection(SolutionProperties) = preSolution
		HideSolutionNode = FALSE
	EndGlobalSection
	GlobalSection(ExtensibilityGlobals) = postSolution
		SolutionGuid = {6F43E186-2F80-4AF1-8310-438BD45C87F1}
	EndGlobalSection
EndGlobal
